
Microsoft Visual Studio Solution File, Format Version 12.00
# Visual Studio 14
VisualStudioVersion = 14.0.25420.1
MinimumVisualStudioVersion = 10.0.40219.1
Project("{2150E333-8FDC-42A3-9474-1A3956D46DE8}") = "src", "src", "{AB5F066E-03D7-47EA-A5AA-AFFBBF41D28B}"
EndProject
Project("{2150E333-8FDC-42A3-9474-1A3956D46DE8}") = "Solution Items", "Solution Items", "{FB14C4ED-581A-4748-832E-C14E5BC6CB49}"
	ProjectSection(SolutionItems) = preProject
		global.json = global.json
	EndProjectSection
EndProject
Project("{8BB2217D-0F2D-49D1-97BC-3654ED321F3B}") = "Host", "src\Host\Host.xproj", "{B6538BFB-B21D-4F79-B6D8-C6675D2A43B8}"
EndProject
Project("{8BB2217D-0F2D-49D1-97BC-3654ED321F3B}") = "Api", "src\Api\Api.xproj", "{924DB917-A6A3-4650-9BE6-7F165ABABCCD}"
EndProject
Project("{8BB2217D-0F2D-49D1-97BC-3654ED321F3B}") = "Business", "src\Business\Business.xproj", "{A428DDA9-5D18-4659-8DC5-97DA01A1D67C}"
EndProject
Project("{8BB2217D-0F2D-49D1-97BC-3654ED321F3B}") = "Common", "src\Common\Common.xproj", "{E218DC4D-F1C9-4CE0-9437-5B5521C02360}"
EndProject
Project("{8BB2217D-0F2D-49D1-97BC-3654ED321F3B}") = "Contract", "src\Contract\Contract.xproj", "{0479405C-52BE-4907-9188-CEA0E015C948}"
EndProject
Project("{8BB2217D-0F2D-49D1-97BC-3654ED321F3B}") = "Data", "src\Data\Data.xproj", "{29B36147-63E7-45A4-8C3E-6D90579A1339}"
EndProject
Project("{8BB2217D-0F2D-49D1-97BC-3654ED321F3B}") = "Test", "src\Test\Test.xproj", "{C4496DEC-AC24-41FD-A7FF-292D8307EC26}"
EndProject
Global
	GlobalSection(SolutionConfigurationPlatforms) = preSolution
		Debug|Any CPU = Debug|Any CPU
		Release|Any CPU = Release|Any CPU
	EndGlobalSection
	GlobalSection(ProjectConfigurationPlatforms) = postSolution
		{B6538BFB-B21D-4F79-B6D8-C6675D2A43B8}.Debug|Any CPU.ActiveCfg = Debug|Any CPU
		{B6538BFB-B21D-4F79-B6D8-C6675D2A43B8}.Debug|Any CPU.Build.0 = Debug|Any CPU
		{B6538BFB-B21D-4F79-B6D8-C6675D2A43B8}.Release|Any CPU.ActiveCfg = Release|Any CPU
		{B6538BFB-B21D-4F79-B6D8-C6675D2A43B8}.Release|Any CPU.Build.0 = Release|Any CPU
		{924DB917-A6A3-4650-9BE6-7F165ABABCCD}.Debug|Any CPU.ActiveCfg = Debug|Any CPU
		{924DB917-A6A3-4650-9BE6-7F165ABABCCD}.Debug|Any CPU.Build.0 = Debug|Any CPU
		{924DB917-A6A3-4650-9BE6-7F165ABABCCD}.Release|Any CPU.ActiveCfg = Release|Any CPU
		{924DB917-A6A3-4650-9BE6-7F165ABABCCD}.Release|Any CPU.Build.0 = Release|Any CPU
		{A428DDA9-5D18-4659-8DC5-97DA01A1D67C}.Debug|Any CPU.ActiveCfg = Debug|Any CPU
		{A428DDA9-5D18-4659-8DC5-97DA01A1D67C}.Debug|Any CPU.Build.0 = Debug|Any CPU
		{A428DDA9-5D18-4659-8DC5-97DA01A1D67C}.Release|Any CPU.ActiveCfg = Release|Any CPU
		{A428DDA9-5D18-4659-8DC5-97DA01A1D67C}.Release|Any CPU.Build.0 = Release|Any CPU
		{E218DC4D-F1C9-4CE0-9437-5B5521C02360}.Debug|Any CPU.ActiveCfg = Debug|Any CPU
		{E218DC4D-F1C9-4CE0-9437-5B5521C02360}.Debug|Any CPU.Build.0 = Debug|Any CPU
		{E218DC4D-F1C9-4CE0-9437-5B5521C02360}.Release|Any CPU.ActiveCfg = Release|Any CPU
		{E218DC4D-F1C9-4CE0-9437-5B5521C02360}.Release|Any CPU.Build.0 = Release|Any CPU
		{0479405C-52BE-4907-9188-CEA0E015C948}.Debug|Any CPU.ActiveCfg = Debug|Any CPU
		{0479405C-52BE-4907-9188-CEA0E015C948}.Debug|Any CPU.Build.0 = Debug|Any CPU
		{0479405C-52BE-4907-9188-CEA0E015C948}.Release|Any CPU.ActiveCfg = Release|Any CPU
		{0479405C-52BE-4907-9188-CEA0E015C948}.Release|Any CPU.Build.0 = Release|Any CPU
		{29B36147-63E7-45A4-8C3E-6D90579A1339}.Debug|Any CPU.ActiveCfg = Debug|Any CPU
		{29B36147-63E7-45A4-8C3E-6D90579A1339}.Debug|Any CPU.Build.0 = Debug|Any CPU
		{29B36147-63E7-45A4-8C3E-6D90579A1339}.Release|Any CPU.ActiveCfg = Release|Any CPU
		{29B36147-63E7-45A4-8C3E-6D90579A1339}.Release|Any CPU.Build.0 = Release|Any CPU
		{C4496DEC-AC24-41FD-A7FF-292D8307EC26}.Debug|Any CPU.ActiveCfg = Debug|Any CPU
		{C4496DEC-AC24-41FD-A7FF-292D8307EC26}.Debug|Any CPU.Build.0 = Debug|Any CPU
		{C4496DEC-AC24-41FD-A7FF-292D8307EC26}.Release|Any CPU.ActiveCfg = Release|Any CPU
		{C4496DEC-AC24-41FD-A7FF-292D8307EC26}.Release|Any CPU.Build.0 = Release|Any CPU
	EndGlobalSection
	GlobalSection(SolutionProperties) = preSolution
		HideSolutionNode = FALSE
	EndGlobalSection
	GlobalSection(NestedProjects) = preSolution
		{B6538BFB-B21D-4F79-B6D8-C6675D2A43B8} = {AB5F066E-03D7-47EA-A5AA-AFFBBF41D28B}
		{924DB917-A6A3-4650-9BE6-7F165ABABCCD} = {AB5F066E-03D7-47EA-A5AA-AFFBBF41D28B}
		{A428DDA9-5D18-4659-8DC5-97DA01A1D67C} = {AB5F066E-03D7-47EA-A5AA-AFFBBF41D28B}
		{E218DC4D-F1C9-4CE0-9437-5B5521C02360} = {AB5F066E-03D7-47EA-A5AA-AFFBBF41D28B}
		{0479405C-52BE-4907-9188-CEA0E015C948} = {AB5F066E-03D7-47EA-A5AA-AFFBBF41D28B}
		{29B36147-63E7-45A4-8C3E-6D90579A1339} = {AB5F066E-03D7-47EA-A5AA-AFFBBF41D28B}
		{C4496DEC-AC24-41FD-A7FF-292D8307EC26} = {AB5F066E-03D7-47EA-A5AA-AFFBBF41D28B}
	EndGlobalSection
EndGlobal
